
Microsoft Visual Studio Solution File, Format Version 12.00
# Visual Studio Version 16
VisualStudioVersion = 16.0.30204.135
MinimumVisualStudioVersion = 10.0.40219.1
Project("{9A19103F-16F7-4668-BE54-9A1E7A4F7556}") = "ImpSoft.MetOffice.DataHub", "ImpSoft.MetOffice.DataHub\ImpSoft.MetOffice.DataHub.csproj", "{EEE74B86-77B8-4D81-8BAC-689ADAF06AE2}"
EndProject
Project("{FAE04EC0-301F-11D3-BF4B-00C04F79EFBC}") = "ImpSoft.MetOffice.DataHub.Tests", "ImpSoft.MetOffice.DataHub.Tests\ImpSoft.MetOffice.DataHub.Tests.csproj", "{0A97D022-96C1-4039-BEF7-10120FE7D503}"
EndProject
Global
	GlobalSection(SolutionConfigurationPlatforms) = preSolution
		Debug|Any CPU = Debug|Any CPU
		Release|Any CPU = Release|Any CPU
	EndGlobalSection
	GlobalSection(ProjectConfigurationPlatforms) = postSolution
		{EEE74B86-77B8-4D81-8BAC-689ADAF06AE2}.Debug|Any CPU.ActiveCfg = Debug|Any CPU
		{EEE74B86-77B8-4D81-8BAC-689ADAF06AE2}.Debug|Any CPU.Build.0 = Debug|Any CPU
		{EEE74B86-77B8-4D81-8BAC-689ADAF06AE2}.Release|Any CPU.ActiveCfg = Release|Any CPU
		{EEE74B86-77B8-4D81-8BAC-689ADAF06AE2}.Release|Any CPU.Build.0 = Release|Any CPU
		{0A97D022-96C1-4039-BEF7-10120FE7D503}.Debug|Any CPU.ActiveCfg = Debug|Any CPU
		{0A97D022-96C1-4039-BEF7-10120FE7D503}.Debug|Any CPU.Build.0 = Debug|Any CPU
		{0A97D022-96C1-4039-BEF7-10120FE7D503}.Release|Any CPU.ActiveCfg = Release|Any CPU
		{0A97D022-96C1-4039-BEF7-10120FE7D503}.Release|Any CPU.Build.0 = Release|Any CPU
	EndGlobalSection
	GlobalSection(SolutionProperties) = preSolution
		HideSolutionNode = FALSE
	EndGlobalSection
	GlobalSection(ExtensibilityGlobals) = postSolution
		SolutionGuid = {55478E2C-8233-4F66-AE6D-B4F1E747E00B}
	EndGlobalSection
EndGlobal
